
Microsoft Visual Studio Solution File, Format Version 12.00
# Visual Studio Version 17
VisualStudioVersion = 17.0.31903.59
MinimumVisualStudioVersion = 10.0.40219.1
Project("{2150E333-8FDC-42A3-9474-1A3956D46DE8}") = "src", "src", "{C6E643AC-EE9F-408B-8435-B1EB759AACB5}"
EndProject
Project("{FAE04EC0-301F-11D3-BF4B-00C04F79EFBC}") = "QargoSync.App", "src\QargoSync.App\QargoSync.App.csproj", "{64B12630-464D-4227-95EF-EBBB778B7BCE}"
EndProject
Project("{FAE04EC0-301F-11D3-BF4B-00C04F79EFBC}") = "QargoSync.Core", "src\QargoSync.Core\QargoSync.Core.csproj", "{6B2CEB2D-EE3A-4AD3-80F8-479989F046B8}"
EndProject
Project("{FAE04EC0-301F-11D3-BF4B-00C04F79EFBC}") = "QargoSync.Infrastructure", "src\QargoSync.Infrastructure\QargoSync.Infrastructure.csproj", "{C27EEB2A-C750-4D32-86A4-D28A9F41E7C4}"
EndProject
Project("{FAE04EC0-301F-11D3-BF4B-00C04F79EFBC}") = "QargoSync.Models", "src\QargoSync.Models\QargoSync.Models.csproj", "{8FFD9D49-170E-4A2D-B49A-B4D1DA27B3C6}"
EndProject
Project("{2150E333-8FDC-42A3-9474-1A3956D46DE8}") = "tests", "tests", "{F8135384-4807-4BF3-9736-CE86541C859C}"
EndProject
EndProject
Project("{FAE04EC0-301F-11D3-BF4B-00C04F79EFBC}") = "QargoSync.Tests.Integration", "tests\QargoSync.Tests.Integration\QargoSync.Tests.Integration.csproj", "{54106FB8-04A3-4EA1-B880-BEAF8D2990E5}"
EndProject
Global
	GlobalSection(SolutionConfigurationPlatforms) = preSolution
		Debug|Any CPU = Debug|Any CPU
		Release|Any CPU = Release|Any CPU
	EndGlobalSection
	GlobalSection(SolutionProperties) = preSolution
		HideSolutionNode = FALSE
	EndGlobalSection
	GlobalSection(ProjectConfigurationPlatforms) = postSolution
		{64B12630-464D-4227-95EF-EBBB778B7BCE}.Debug|Any CPU.ActiveCfg = Debug|Any CPU
		{64B12630-464D-4227-95EF-EBBB778B7BCE}.Debug|Any CPU.Build.0 = Debug|Any CPU
		{64B12630-464D-4227-95EF-EBBB778B7BCE}.Release|Any CPU.ActiveCfg = Release|Any CPU
		{64B12630-464D-4227-95EF-EBBB778B7BCE}.Release|Any CPU.Build.0 = Release|Any CPU
		{6B2CEB2D-EE3A-4AD3-80F8-479989F046B8}.Debug|Any CPU.ActiveCfg = Debug|Any CPU
		{6B2CEB2D-EE3A-4AD3-80F8-479989F046B8}.Debug|Any CPU.Build.0 = Debug|Any CPU
		{6B2CEB2D-EE3A-4AD3-80F8-479989F046B8}.Release|Any CPU.ActiveCfg = Release|Any CPU
		{6B2CEB2D-EE3A-4AD3-80F8-479989F046B8}.Release|Any CPU.Build.0 = Release|Any CPU
		{C27EEB2A-C750-4D32-86A4-D28A9F41E7C4}.Debug|Any CPU.ActiveCfg = Debug|Any CPU
		{C27EEB2A-C750-4D32-86A4-D28A9F41E7C4}.Debug|Any CPU.Build.0 = Debug|Any CPU
		{C27EEB2A-C750-4D32-86A4-D28A9F41E7C4}.Release|Any CPU.ActiveCfg = Release|Any CPU
		{C27EEB2A-C750-4D32-86A4-D28A9F41E7C4}.Release|Any CPU.Build.0 = Release|Any CPU
		{8FFD9D49-170E-4A2D-B49A-B4D1DA27B3C6}.Debug|Any CPU.ActiveCfg = Debug|Any CPU
		{8FFD9D49-170E-4A2D-B49A-B4D1DA27B3C6}.Debug|Any CPU.Build.0 = Debug|Any CPU
		{8FFD9D49-170E-4A2D-B49A-B4D1DA27B3C6}.Release|Any CPU.ActiveCfg = Release|Any CPU
		{8FFD9D49-170E-4A2D-B49A-B4D1DA27B3C6}.Release|Any CPU.Build.0 = Release|Any CPU
	EndGlobalSection
	GlobalSection(NestedProjects) = preSolution
		{64B12630-464D-4227-95EF-EBBB778B7BCE} = {C6E643AC-EE9F-408B-8435-B1EB759AACB5}
		{6B2CEB2D-EE3A-4AD3-80F8-479989F046B8} = {C6E643AC-EE9F-408B-8435-B1EB759AACB5}
		{C27EEB2A-C750-4D32-86A4-D28A9F41E7C4} = {C6E643AC-EE9F-408B-8435-B1EB759AACB5}
		{8FFD9D49-170E-4A2D-B49A-B4D1DA27B3C6} = {C6E643AC-EE9F-408B-8435-B1EB759AACB5}
	EndGlobalSection
EndGlobal
